<?xml version="1.0" encoding="UTF-8"?>
<CodeBlocks_project_file>
	<FileVersion major="1" minor="6"/>
	<Project>
		<Option title="model"/>
		<Option makefile_is_custom="1"/>
		<Option compiler="gcc"/>
		<Option virtualFolders="CMake Files\;CMake Files\src\;CMake Files\src\model\;CMake Files\src\shader\;"/>
		<Build>
			<Target title="all">
				<Option working_dir="/home/oktomus/Work/M1LMG_Projet/src/model"/>
				<Option type="4"/>
				<MakeCommands>
					<Build command="/usr/bin/make -j4 -f &quot;/home/oktomus/Work/M1LMG_Projet/src/model/Makefile&quot;  VERBOSE=1 all"/>
					<CompileFile command="/usr/bin/make -j4 -f &quot;/home/oktomus/Work/M1LMG_Projet/src/model/Makefile&quot;  VERBOSE=1 &quot;$file&quot;"/>
					<Clean command="/usr/bin/make -j4 -f &quot;/home/oktomus/Work/M1LMG_Projet/src/model/Makefile&quot;  VERBOSE=1 clean"/>
					<DistClean command="/usr/bin/make -j4 -f &quot;/home/oktomus/Work/M1LMG_Projet/src/model/Makefile&quot;  VERBOSE=1 clean"/>
				</MakeCommands>
			</Target>
			<Target title="model">
				<Option output="/home/oktomus/Work/M1LMG_Projet/src/model/libmodel.a" prefix_auto="0" extension_auto="0"/>
				<Option working_dir="/home/oktomus/Work/M1LMG_Projet/src/model"/>
				<Option object_output="./"/>
				<Option type="2"/>
				<Option compiler="gcc"/>
				<Compiler>
					<Add directory="/home/oktomus/Work/M1LMG_Projet/src/model"/>
					<Add directory="/usr/lib/gcc/x86_64-pc-linux-gnu/7.2.0/../../../../include/c++/7.2.0"/>
					<Add directory="/usr/lib/gcc/x86_64-pc-linux-gnu/7.2.0/../../../../include/c++/7.2.0/x86_64-pc-linux-gnu"/>
					<Add directory="/usr/lib/gcc/x86_64-pc-linux-gnu/7.2.0/../../../../include/c++/7.2.0/backward"/>
					<Add directory="/usr/lib/gcc/x86_64-pc-linux-gnu/7.2.0/include"/>
					<Add directory="/usr/local/include"/>
					<Add directory="/usr/lib/gcc/x86_64-pc-linux-gnu/7.2.0/include-fixed"/>
					<Add directory="/usr/include"/>
				</Compiler>
				<MakeCommands>
					<Build command="/usr/bin/make -j4 -f &quot;/home/oktomus/Work/M1LMG_Projet/src/model/Makefile&quot;  VERBOSE=1 model"/>
					<CompileFile command="/usr/bin/make -j4 -f &quot;/home/oktomus/Work/M1LMG_Projet/src/model/Makefile&quot;  VERBOSE=1 &quot;$file&quot;"/>
					<Clean command="/usr/bin/make -j4 -f &quot;/home/oktomus/Work/M1LMG_Projet/src/model/Makefile&quot;  VERBOSE=1 clean"/>
					<DistClean command="/usr/bin/make -j4 -f &quot;/home/oktomus/Work/M1LMG_Projet/src/model/Makefile&quot;  VERBOSE=1 clean"/>
				</MakeCommands>
			</Target>
			<Target title="model/fast">
				<Option output="/home/oktomus/Work/M1LMG_Projet/src/model/libmodel.a" prefix_auto="0" extension_auto="0"/>
				<Option working_dir="/home/oktomus/Work/M1LMG_Projet/src/model"/>
				<Option object_output="./"/>
				<Option type="2"/>
				<Option compiler="gcc"/>
				<Compiler>
					<Add directory="/home/oktomus/Work/M1LMG_Projet/src/model"/>
					<Add directory="/usr/lib/gcc/x86_64-pc-linux-gnu/7.2.0/../../../../include/c++/7.2.0"/>
					<Add directory="/usr/lib/gcc/x86_64-pc-linux-gnu/7.2.0/../../../../include/c++/7.2.0/x86_64-pc-linux-gnu"/>
					<Add directory="/usr/lib/gcc/x86_64-pc-linux-gnu/7.2.0/../../../../include/c++/7.2.0/backward"/>
					<Add directory="/usr/lib/gcc/x86_64-pc-linux-gnu/7.2.0/include"/>
					<Add directory="/usr/local/include"/>
					<Add directory="/usr/lib/gcc/x86_64-pc-linux-gnu/7.2.0/include-fixed"/>
					<Add directory="/usr/include"/>
				</Compiler>
				<MakeCommands>
					<Build command="/usr/bin/make -j4 -f &quot;/home/oktomus/Work/M1LMG_Projet/src/model/Makefile&quot;  VERBOSE=1 model/fast"/>
					<CompileFile command="/usr/bin/make -j4 -f &quot;/home/oktomus/Work/M1LMG_Projet/src/model/Makefile&quot;  VERBOSE=1 &quot;$file&quot;"/>
					<Clean command="/usr/bin/make -j4 -f &quot;/home/oktomus/Work/M1LMG_Projet/src/model/Makefile&quot;  VERBOSE=1 clean"/>
					<DistClean command="/usr/bin/make -j4 -f &quot;/home/oktomus/Work/M1LMG_Projet/src/model/Makefile&quot;  VERBOSE=1 clean"/>
				</MakeCommands>
			</Target>
		</Build>
		<Unit filename="/home/oktomus/Work/M1LMG_Projet/src/model/baseModel.cpp">
			<Option target="model"/>
		</Unit>
		<Unit filename="/home/oktomus/Work/M1LMG_Projet/src/model/baseModel.h">
			<Option target="model"/>
		</Unit>
		<Unit filename="/home/oktomus/Work/M1LMG_Projet/src/model/primitive.cpp">
			<Option target="model"/>
		</Unit>
		<Unit filename="/home/oktomus/Work/M1LMG_Projet/src/model/primitive.h">
			<Option target="model"/>
		</Unit>
		<Unit filename="/home/oktomus/Work/M1LMG_Projet/CMakeLists.txt">
			<Option virtualFolder="CMake Files\"/>
		</Unit>
		<Unit filename="/home/oktomus/Work/M1LMG_Projet/src/CMakeLists.txt">
			<Option virtualFolder="CMake Files\src\"/>
		</Unit>
		<Unit filename="/home/oktomus/Work/M1LMG_Projet/src/model/CMakeLists.txt">
			<Option virtualFolder="CMake Files\src\model\"/>
		</Unit>
		<Unit filename="/home/oktomus/Work/M1LMG_Projet/src/model/CMakeLists.txt">
			<Option virtualFolder="CMake Files\src\model\"/>
		</Unit>
		<Unit filename="/home/oktomus/Work/M1LMG_Projet/src/model/CMakeLists.txt">
			<Option virtualFolder="CMake Files\src\model\"/>
		</Unit>
		<Unit filename="/home/oktomus/Work/M1LMG_Projet/src/shader/CMakeLists.txt">
			<Option virtualFolder="CMake Files\src\shader\"/>
		</Unit>
		<Unit filename="/home/oktomus/Work/M1LMG_Projet/src/shader/CMakeLists.txt">
			<Option virtualFolder="CMake Files\src\shader\"/>
		</Unit>
		<Unit filename="/home/oktomus/Work/M1LMG_Projet/src/shader/CMakeLists.txt">
			<Option virtualFolder="CMake Files\src\shader\"/>
		</Unit>
	</Project>
</CodeBlocks_project_file>
